{"lockfileVersion":3,"packages":{"":{"name":"fx"},
"node_modules/a":{"version":"1.0.0","license":"MIT"},
"node_modules/b":{"version":"2.0.0","license":"(MIT OR GPL-2.0)"},
"node_modules/c":{"version":"1.0.0","license":"Apache-2.0"},
"node_modules/dev-gpl":{"version":"1.0.0","license":"GPL-3.0-only","dev":true},
"node_modules/@gmi/own":{"version":"1.0.0","license":"UNLICENSED"}}}
