{"lockfileVersion":3,"packages":{"":{"name":"fx"},
"node_modules/a":{"version":"1.0.0","license":"MIT"},
"node_modules/see":{"version":"1.0.0","license":"SEE LICENSE IN LICENSE.md"},
"node_modules/clause":{"version":"1.0.0","license":"Commons-Clause"},
"node_modules/nolicence":{"version":"1.0.0"},
"node_modules/busl":{"version":"1.0.0","license":"BUSL-1.1"}}}
